// !$*UTF8*$!
{
	archiveVersion = 1;
	classes = {
	};
	objectVersion = 56;
	objects = {

/* Begin PBXBuildFile section */
		5792CD932C138A6000D52845 /* tut1App.swift in Sources */ = {isa = PBXBuildFile; fileRef = 5792CD922C138A6000D52845 /* tut1App.swift */; };
		5792CD952C138A6000D52845 /* ContentView.swift in Sources */ = {isa = PBXBuildFile; fileRef = 5792CD942C138A6000D52845 /* ContentView.swift */; };
		5792CD972C138A6100D52845 /* Assets.xcassets in Resources */ = {isa = PBXBuildFile; fileRef = 5792CD962C138A6100D52845 /* Assets.xcassets */; };
		5792CD9A2C138A6100D52845 /* Preview Assets.xcassets in Resources */ = {isa = PBXBuildFile; fileRef = 5792CD992C138A6100D52845 /* Preview Assets.xcassets */; };
		5792CDA42C138A6200D52845 /* tut1Tests.swift in Sources */ = {isa = PBXBuildFile; fileRef = 5792CDA32C138A6200D52845 /* tut1Tests.swift */; };
		5792CDAE2C138A6200D52845 /* tut1UITests.swift in Sources */ = {isa = PBXBuildFile; fileRef = 5792CDAD2C138A6200D52845 /* tut1UITests.swift */; };
		5792CDB02C138A6200D52845 /* tut1UITestsLaunchTests.swift in Sources */ = {isa = PBXBuildFile; fileRef = 5792CDAF2C138A6200D52845 /* tut1UITestsLaunchTests.swift */; };
/* End PBXBuildFile section */

/* Begin PBXContainerItemProxy section */
		5792CDA02C138A6200D52845 /* PBXContainerItemProxy */ = {
			isa = PBXContainerItemProxy;
			containerPortal = 5792CD872C138A6000D52845 /* Project object */;
			proxyType = 1;
			remoteGlobalIDString = 5792CD8E2C138A6000D52845;
			remoteInfo = tut1;
		};
		5792CDAA2C138A6200D52845 /* PBXContainerItemProxy */ = {
			isa = PBXContainerItemProxy;
			containerPortal = 5792CD872C138A6000D52845 /* Project object */;
			proxyType = 1;
			remoteGlobalIDString = 5792CD8E2C138A6000D52845;
			remoteInfo = tut1;
		};
/* End PBXContainerItemProxy section */

/* Begin PBXFileReference section */
		5792CD8F2C138A6000D52845 /* tut1.app */ = {isa = PBXFileReference; explicitFileType = wrapper.application; includeInIndex = 0; path = tut1.app; sourceTree = BUILT_PRODUCTS_DIR; };
		5792CD922C138A6000D52845 /* tut1App.swift */ = {isa = PBXFileReference; lastKnownFileType = sourcecode.swift; path = tut1App.swift; sourceTree = "<group>"; };
		5792CD942C138A6000D52845 /* ContentView.swift */ = {isa = PBXFileReference; lastKnownFileType = sourcecode.swift; path = ContentView.swift; sourceTree = "<group>"; };
		5792CD962C138A6100D52845 /* Assets.xcassets */ = {isa = PBXFileReference; lastKnownFileType = folder.assetcatalog; path = Assets.xcassets; sourceTree = "<group>"; };
		5792CD992C138A6100D52845 /* Preview Assets.xcassets */ = {isa = PBXFileReference; lastKnownFileType = folder.assetcatalog; path = "Preview Assets.xcassets"; sourceTree = "<group>"; };
		5792CD9F2C138A6200D52845 /* tut1Tests.xctest */ = {isa = PBXFileReference; explicitFileType = wrapper.cfbundle; includeInIndex = 0; path = tut1Tests.xctest; sourceTree = BUILT_PRODUCTS_DIR; };
		5792CDA32C138A6200D52845 /* tut1Tests.swift */ = {isa = PBXFileReference; lastKnownFileType = sourcecode.swift; path = tut1Tests.swift; sourceTree = "<group>"; };
		5792CDA92C138A6200D52845 /* tut1UITests.xctest */ = {isa = PBXFileReference; explicitFileType = wrapper.cfbundle; includeInIndex = 0; path = tut1UITests.xctest; sourceTree = BUILT_PRODUCTS_DIR; };
		5792CDAD2C138A6200D52845 /* tut1UITests.swift */ = {isa = PBXFileReference; lastKnownFileType = sourcecode.swift; path = tut1UITests.swift; sourceTree = "<group>"; };
		5792CDAF2C138A6200D52845 /* tut1UITestsLaunchTests.swift */ = {isa = PBXFileReference; lastKnownFileType = sourcecode.swift; path = tut1UITestsLaunchTests.swift; sourceTree = "<group>"; };
/* End PBXFileReference section */

/* Begin PBXFrameworksBuildPhase section */
		5792CD8C2C138A6000D52845 /* Frameworks */ = {
			isa = PBXFrameworksBuildPhase;
			buildActionMask = 2147483647;
			files = (
			);
			runOnlyForDeploymentPostprocessing = 0;
		};
		5792CD9C2C138A6200D52845 /* Frameworks */ = {
			isa = PBXFrameworksBuildPhase;
			buildActionMask = 2147483647;
			files = (
			);
			runOnlyForDeploymentPostprocessing = 0;
		};
		5792CDA62C138A6200D52845 /* Frameworks */ = {
			isa = PBXFrameworksBuildPhase;
			buildActionMask = 2147483647;
			files = (
			);
			runOnlyForDeploymentPostprocessing = 0;
		};
/* End PBXFrameworksBuildPhase section */

/* Begin PBXGroup section */
		5792CD862C138A6000D52845 = {
			isa = PBXGroup;
			children = (
				5792CD912C138A6000D52845 /* tut1 */,
				5792CDA22C138A6200D52845 /* tut1Tests */,
				5792CDAC2C138A6200D52845 /* tut1UITests */,
				5792CD902C138A6000D52845 /* Products */,
			);
			sourceTree = "<group>";
		};
		5792CD902C138A6000D52845 /* Products */ = {
			isa = PBXGroup;
			children = (
				5792CD8F2C138A6000D52845 /* tut1.app */,
				5792CD9F2C138A6200D52845 /* tut1Tests.xctest */,
				5792CDA92C138A6200D52845 /* tut1UITests.xctest */,
			);
			name = Products;
			sourceTree = "<group>";
		};
		5792CD912C138A6000D52845 /* tut1 */ = {
			isa = PBXGroup;
			children = (
				5792CD922C138A6000D52845 /* tut1App.swift */,
				5792CD942C138A6000D52845 /* ContentView.swift */,
				5792CD962C138A6100D52845 /* Assets.xcassets */,
				5792CD982C138A6100D52845 /* Preview Content */,
			);
			path = tut1;
			sourceTree = "<group>";
		};
		5792CD982C138A6100D52845 /* Preview Content */ = {
			isa = PBXGroup;
			children = (
				5792CD992C138A6100D52845 /* Preview Assets.xcassets */,
			);
			path = "Preview Content";
			sourceTree = "<group>";
		};
		5792CDA22C138A6200D52845 /* tut1Tests */ = {
			isa = PBXGroup;
			children = (
				5792CDA32C138A6200D52845 /* tut1Tests.swift */,
			);
			path = tut1Tests;
			sourceTree = "<group>";
		};
		5792CDAC2C138A6200D52845 /* tut1UITests */ = {
			isa = PBXGroup;
			children = (
				5792CDAD2C138A6200D52845 /* tut1UITests.swift */,
				5792CDAF2C138A6200D52845 /* tut1UITestsLaunchTests.swift */,
			);
			path = tut1UITests;
			sourceTree = "<group>";
		};
/* End PBXGroup section */

/* Begin PBXNativeTarget section */
		5792CD8E2C138A6000D52845 /* tut1 */ = {
			isa = PBXNativeTarget;
			buildConfigurationList = 5792CDB32C138A6200D52845 /* Build configuration list for PBXNativeTarget "tut1" */;
			buildPhases = (
				5792CD8B2C138A6000D52845 /* Sources */,
				5792CD8C2C138A6000D52845 /* Frameworks */,
				5792CD8D2C138A6000D52845 /* Resources */,
			);
			buildRules = (
			);
			dependencies = (
			);
			name = tut1;
			productName = tut1;
			productReference = 5792CD8F2C138A6000D52845 /* tut1.app */;
			productType = "com.apple.product-type.application";
		};
		5792CD9E2C138A6200D52845 /* tut1Tests */ = {
			isa = PBXNativeTarget;
			buildConfigurationList = 5792CDB62C138A6200D52845 /* Build configuration list for PBXNativeTarget "tut1Tests" */;
			buildPhases = (
				5792CD9B2C138A6200D52845 /* Sources */,
				5792CD9C2C138A6200D52845 /* Frameworks */,
				5792CD9D2C138A6200D52845 /* Resources */,
			);
			buildRules = (
			);
			dependencies = (
				5792CDA12C138A6200D52845 /* PBXTargetDependency */,
			);
			name = tut1Tests;
			productName = tut1Tests;
			productReference = 5792CD9F2C138A6200D52845 /* tut1Tests.xctest */;
			productType = "com.apple.product-type.bundle.unit-test";
		};
		5792CDA82C138A6200D52845 /* tut1UITests */ = {
			isa = PBXNativeTarget;
			buildConfigurationList = 5792CDB92C138A6200D52845 /* Build configuration list for PBXNativeTarget "tut1UITests" */;
			buildPhases = (
				5792CDA52C138A6200D52845 /* Sources */,
				5792CDA62C138A6200D52845 /* Frameworks */,
				5792CDA72C138A6200D52845 /* Resources */,
			);
			buildRules = (
			);
			dependencies = (
				5792CDAB2C138A6200D52845 /* PBXTargetDependency */,
			);
			name = tut1UITests;
			productName = tut1UITests;
			productReference = 5792CDA92C138A6200D52845 /* tut1UITests.xctest */;
			productType = "com.apple.product-type.bundle.ui-testing";
		};
/* End PBXNativeTarget section */

/* Begin PBXProject section */
		5792CD872C138A6000D52845 /* Project object */ = {
			isa = PBXProject;
			attributes = {
				BuildIndependentTargetsInParallel = 1;
				LastSwiftUpdateCheck = 1540;
				LastUpgradeCheck = 1540;
				TargetAttributes = {
					5792CD8E2C138A6000D52845 = {
						CreatedOnToolsVersion = 15.4;
					};
					5792CD9E2C138A6200D52845 = {
						CreatedOnToolsVersion = 15.4;
						TestTargetID = 5792CD8E2C138A6000D52845;
					};
					5792CDA82C138A6200D52845 = {
						CreatedOnToolsVersion = 15.4;
						TestTargetID = 5792CD8E2C138A6000D52845;
					};
				};
			};
			buildConfigurationList = 5792CD8A2C138A6000D52845 /* Build configuration list for PBXProject "tut1" */;
			compatibilityVersion = "Xcode 14.0";
			developmentRegion = en;
			hasScannedForEncodings = 0;
			knownRegions = (
				en,
				Base,
			);
			mainGroup = 5792CD862C138A6000D52845;
			productRefGroup = 5792CD902C138A6000D52845 /* Products */;
			projectDirPath = "";
			projectRoot = "";
			targets = (
				5792CD8E2C138A6000D52845 /* tut1 */,
				5792CD9E2C138A6200D52845 /* tut1Tests */,
				5792CDA82C138A6200D52845 /* tut1UITests */,
			);
		};
/* End PBXProject section */

/* Begin PBXResourcesBuildPhase section */
		5792CD8D2C138A6000D52845 /* Resources */ = {
			isa = PBXResourcesBuildPhase;
			buildActionMask = 2147483647;
			files = (
				5792CD9A2C138A6100D52845 /* Preview Assets.xcassets in Resources */,
				5792CD972C138A6100D52845 /* Assets.xcassets in Resources */,
			);
			runOnlyForDeploymentPostprocessing = 0;
		};
		5792CD9D2C138A6200D52845 /* Resources */ = {
			isa = PBXResourcesBuildPhase;
			buildActionMask = 2147483647;
			files = (
			);
			runOnlyForDeploymentPostprocessing = 0;
		};
		5792CDA72C138A6200D52845 /* Resources */ = {
			isa = PBXResourcesBuildPhase;
			buildActionMask = 2147483647;
			files = (
			);
			runOnlyForDeploymentPostprocessing = 0;
		};
/* End PBXResourcesBuildPhase section */

/* Begin PBXSourcesBuildPhase section */
		5792CD8B2C138A6000D52845 /* Sources */ = {
			isa = PBXSourcesBuildPhase;
			buildActionMask = 2147483647;
			files = (
				5792CD952C138A6000D52845 /* ContentView.swift in Sources */,
				5792CD932C138A6000D52845 /* tut1App.swift in Sources */,
			);
			runOnlyForDeploymentPostprocessing = 0;
		};
		5792CD9B2C138A6200D52845 /* Sources */ = {
			isa = PBXSourcesBuildPhase;
			buildActionMask = 2147483647;
			files = (
				5792CDA42C138A6200D52845 /* tut1Tests.swift in Sources */,
			);
			runOnlyForDeploymentPostprocessing = 0;
		};
		5792CDA52C138A6200D52845 /* Sources */ = {
			isa = PBXSourcesBuildPhase;
			buildActionMask = 2147483647;
			files = (
				5792CDB02C138A6200D52845 /* tut1UITestsLaunchTests.swift in Sources */,
				5792CDAE2C138A6200D52845 /* tut1UITests.swift in Sources */,
			);
			runOnlyForDeploymentPostprocessing = 0;
		};
/* End PBXSourcesBuildPhase section */

/* Begin PBXTargetDependency section */
		5792CDA12C138A6200D52845 /* PBXTargetDependency */ = {
			isa = PBXTargetDependency;
			target = 5792CD8E2C138A6000D52845 /* tut1 */;
			targetProxy = 5792CDA02C138A6200D52845 /* PBXContainerItemProxy */;
		};
		5792CDAB2C138A6200D52845 /* PBXTargetDependency */ = {
			isa = PBXTargetDependency;
			target = 5792CD8E2C138A6000D52845 /* tut1 */;
			targetProxy = 5792CDAA2C138A6200D52845 /* PBXContainerItemProxy */;
		};
/* End PBXTargetDependency section */

/* Begin XCBuildConfiguration section */
		5792CDB12C138A6200D52845 /* Debug */ = {
			isa = XCBuildConfiguration;
			buildSettings = {
				ALWAYS_SEARCH_USER_PATHS = NO;
				ASSETCATALOG_COMPILER_GENERATE_SWIFT_ASSET_SYMBOL_EXTENSIONS = YES;
				CLANG_ANALYZER_NONNULL = YES;
				CLANG_ANALYZER_NUMBER_OBJECT_CONVERSION = YES_AGGRESSIVE;
				CLANG_CXX_LANGUAGE_STANDARD = "gnu++20";
				CLANG_ENABLE_MODULES = YES;
				CLANG_ENABLE_OBJC_ARC = YES;
				CLANG_ENABLE_OBJC_WEAK = YES;
				CLANG_WARN_BLOCK_CAPTURE_AUTORELEASING = YES;
				CLANG_WARN_BOOL_CONVERSION = YES;
				CLANG_WARN_COMMA = YES;
				CLANG_WARN_CONSTANT_CONVERSION = YES;
				CLANG_WARN_DEPRECATED_OBJC_IMPLEMENTATIONS = YES;
				CLANG_WARN_DIRECT_OBJC_ISA_USAGE = YES_ERROR;
				CLANG_WARN_DOCUMENTATION_COMMENTS = YES;
				CLANG_WARN_EMPTY_BODY = YES;
				CLANG_WARN_ENUM_CONVERSION = YES;
				CLANG_WARN_INFINITE_RECURSION = YES;
				CLANG_WARN_INT_CONVERSION = YES;
				CLANG_WARN_NON_LITERAL_NULL_CONVERSION = YES;
				CLANG_WARN_OBJC_IMPLICIT_RETAIN_SELF = YES;
				CLANG_WARN_OBJC_LITERAL_CONVERSION = YES;
				CLANG_WARN_OBJC_ROOT_CLASS = YES_ERROR;
				CLANG_WARN_QUOTED_INCLUDE_IN_FRAMEWORK_HEADER = YES;
				CLANG_WARN_RANGE_LOOP_ANALYSIS = YES;
				CLANG_WARN_STRICT_PROTOTYPES = YES;
				CLANG_WARN_SUSPICIOUS_MOVE = YES;
				CLANG_WARN_UNGUARDED_AVAILABILITY = YES_AGGRESSIVE;
				CLANG_WARN_UNREACHABLE_CODE = YES;
				CLANG_WARN__DUPLICATE_METHOD_MATCH = YES;
				COPY_PHASE_STRIP = NO;
				DEBUG_INFORMATION_FORMAT = dwarf;
				ENABLE_STRICT_OBJC_MSGSEND = YES;
				ENABLE_TESTABILITY = YES;
				ENABLE_USER_SCRIPT_SANDBOXING = YES;
				GCC_C_LANGUAGE_STANDARD = gnu17;
				GCC_DYNAMIC_NO_PIC = NO;
				GCC_NO_COMMON_BLOCKS = YES;
				GCC_OPTIMIZATION_LEVEL = 0;
				GCC_PREPROCESSOR_DEFINITIONS = (
					"DEBUG=1",
					"$(inherited)",
				);
				GCC_WARN_64_TO_32_BIT_CONVERSION = YES;
				GCC_WARN_ABOUT_RETURN_TYPE = YES_ERROR;
				GCC_WARN_UNDECLARED_SELECTOR = YES;
				GCC_WARN_UNINITIALIZED_AUTOS = YES_AGGRESSIVE;
				GCC_WARN_UNUSED_FUNCTION = YES;
				GCC_WARN_UNUSED_VARIABLE = YES;
				IPHONEOS_DEPLOYMENT_TARGET = 17.5;
				LOCALIZATION_PREFERS_STRING_CATALOGS = YES;
				MTL_ENABLE_DEBUG_INFO = INCLUDE_SOURCE;
				MTL_FAST_MATH = YES;
				ONLY_ACTIVE_ARCH = YES;
				SDKROOT = iphoneos;
				SWIFT_ACTIVE_COMPILATION_CONDITIONS = "DEBUG $(inherited)";
				SWIFT_OPTIMIZATION_LEVEL = "-Onone";
			};
			name = Debug;
		};
		5792CDB22C138A6200D52845 /* Release */ = {
			isa = XCBuildConfiguration;
			buildSettings = {
				ALWAYS_SEARCH_USER_PATHS = NO;
				ASSETCATALOG_COMPILER_GENERATE_SWIFT_ASSET_SYMBOL_EXTENSIONS = YES;
				CLANG_ANALYZER_NONNULL = YES;
				CLANG_ANALYZER_NUMBER_OBJECT_CONVERSION = YES_AGGRESSIVE;
				CLANG_CXX_LANGUAGE_STANDARD = "gnu++20";
				CLANG_ENABLE_MODULES = YES;
				CLANG_ENABLE_OBJC_ARC = YES;
				CLANG_ENABLE_OBJC_WEAK = YES;
				CLANG_WARN_BLOCK_CAPTURE_AUTORELEASING = YES;
				CLANG_WARN_BOOL_CONVERSION = YES;
				CLANG_WARN_COMMA = YES;
				CLANG_WARN_CONSTANT_CONVERSION = YES;
				CLANG_WARN_DEPRECATED_OBJC_IMPLEMENTATIONS = YES;
				CLANG_WARN_DIRECT_OBJC_ISA_USAGE = YES_ERROR;
				CLANG_WARN_DOCUMENTATION_COMMENTS = YES;
				CLANG_WARN_EMPTY_BODY = YES;
				CLANG_WARN_ENUM_CONVERSION = YES;
				CLANG_WARN_INFINITE_RECURSION = YES;
				CLANG_WARN_INT_CONVERSION = YES;
				CLANG_WARN_NON_LITERAL_NULL_CONVERSION = YES;
				CLANG_WARN_OBJC_IMPLICIT_RETAIN_SELF = YES;
				CLANG_WARN_OBJC_LITERAL_CONVERSION = YES;
				CLANG_WARN_OBJC_ROOT_CLASS = YES_ERROR;
				CLANG_WARN_QUOTED_INCLUDE_IN_FRAMEWORK_HEADER = YES;
				CLANG_WARN_RANGE_LOOP_ANALYSIS = YES;
				CLANG_WARN_STRICT_PROTOTYPES = YES;
				CLANG_WARN_SUSPICIOUS_MOVE = YES;
				CLANG_WARN_UNGUARDED_AVAILABILITY = YES_AGGRESSIVE;
				CLANG_WARN_UNREACHABLE_CODE = YES;
				CLANG_WARN__DUPLICATE_METHOD_MATCH = YES;
				COPY_PHASE_STRIP = NO;
				DEBUG_INFORMATION_FORMAT = "dwarf-with-dsym";
				ENABLE_NS_ASSERTIONS = NO;
				ENABLE_STRICT_OBJC_MSGSEND = YES;
				ENABLE_USER_SCRIPT_SANDBOXING = YES;
				GCC_C_LANGUAGE_STANDARD = gnu17;
				GCC_NO_COMMON_BLOCKS = YES;
				GCC_WARN_64_TO_32_BIT_CONVERSION = YES;
				GCC_WARN_ABOUT_RETURN_TYPE = YES_ERROR;
				GCC_WARN_UNDECLARED_SELECTOR = YES;
				GCC_WARN_UNINITIALIZED_AUTOS = YES_AGGRESSIVE;
				GCC_WARN_UNUSED_FUNCTION = YES;
				GCC_WARN_UNUSED_VARIABLE = YES;
				IPHONEOS_DEPLOYMENT_TARGET = 17.5;
				LOCALIZATION_PREFERS_STRING_CATALOGS = YES;
				MTL_ENABLE_DEBUG_INFO = NO;
				MTL_FAST_MATH = YES;
				SDKROOT = iphoneos;
				SWIFT_COMPILATION_MODE = wholemodule;
				VALIDATE_PRODUCT = YES;
			};
			name = Release;
		};
		5792CDB42C138A6200D52845 /* Debug */ = {
			isa = XCBuildConfiguration;
			buildSettings = {
				ASSETCATALOG_COMPILER_APPICON_NAME = AppIcon;
				ASSETCATALOG_COMPILER_GLOBAL_ACCENT_COLOR_NAME = AccentColor;
				CODE_SIGN_STYLE = Automatic;
				CURRENT_PROJECT_VERSION = 1;
				DEVELOPMENT_ASSET_PATHS = "\"tut1/Preview Content\"";
				ENABLE_PREVIEWS = YES;
				GENERATE_INFOPLIST_FILE = YES;
				INFOPLIST_KEY_UIApplicationSceneManifest_Generation = YES;
				INFOPLIST_KEY_UIApplicationSupportsIndirectInputEvents = YES;
				INFOPLIST_KEY_UILaunchScreen_Generation = YES;
				INFOPLIST_KEY_UISupportedInterfaceOrientations_iPad = "UIInterfaceOrientationPortrait UIInterfaceOrientationPortraitUpsideDown UIInterfaceOrientationLandscapeLeft UIInterfaceOrientationLandscapeRight";
				INFOPLIST_KEY_UISupportedInterfaceOrientations_iPhone = "UIInterfaceOrientationPortrait UIInterfaceOrientationLandscapeLeft UIInterfaceOrientationLandscapeRight";
				LD_RUNPATH_SEARCH_PATHS = (
					"$(inherited)",
					"@executable_path/Frameworks",
				);
				MARKETING_VERSION = 1.0;
				PRODUCT_BUNDLE_IDENTIFIER = com.bajajsonal.tut1;
				PRODUCT_NAME = "$(TARGET_NAME)";
				SWIFT_EMIT_LOC_STRINGS = YES;
				SWIFT_VERSION = 5.0;
				TARGETED_DEVICE_FAMILY = "1,2";
			};
			name = Debug;
		};
		5792CDB52C138A6200D52845 /* Release */ = {
			isa = XCBuildConfiguration;
			buildSettings = {
				ASSETCATALOG_COMPILER_APPICON_NAME = AppIcon;
				ASSETCATALOG_COMPILER_GLOBAL_ACCENT_COLOR_NAME = AccentColor;
				CODE_SIGN_STYLE = Automatic;
				CURRENT_PROJECT_VERSION = 1;
				DEVELOPMENT_ASSET_PATHS = "\"tut1/Preview Content\"";
				ENABLE_PREVIEWS = YES;
				GENERATE_INFOPLIST_FILE = YES;
				INFOPLIST_KEY_UIApplicationSceneManifest_Generation = YES;
				INFOPLIST_KEY_UIApplicationSupportsIndirectInputEvents = YES;
				INFOPLIST_KEY_UILaunchScreen_Generation = YES;
				INFOPLIST_KEY_UISupportedInterfaceOrientations_iPad = "UIInterfaceOrientationPortrait UIInterfaceOrientationPortraitUpsideDown UIInterfaceOrientationLandscapeLeft UIInterfaceOrientationLandscapeRight";
				INFOPLIST_KEY_UISupportedInterfaceOrientations_iPhone = "UIInterfaceOrientationPortrait UIInterfaceOrientationLandscapeLeft UIInterfaceOrientationLandscapeRight";
				LD_RUNPATH_SEARCH_PATHS = (
					"$(inherited)",
					"@executable_path/Frameworks",
				);
				MARKETING_VERSION = 1.0;
				PRODUCT_BUNDLE_IDENTIFIER = com.bajajsonal.tut1;
				PRODUCT_NAME = "$(TARGET_NAME)";
				SWIFT_EMIT_LOC_STRINGS = YES;
				SWIFT_VERSION = 5.0;
				TARGETED_DEVICE_FAMILY = "1,2";
			};
			name = Release;
		};
		5792CDB72C138A6200D52845 /* Debug */ = {
			isa = XCBuildConfiguration;
			buildSettings = {
				ALWAYS_EMBED_SWIFT_STANDARD_LIBRARIES = YES;
				BUNDLE_LOADER = "$(TEST_HOST)";
				CODE_SIGN_STYLE = Automatic;
				CURRENT_PROJECT_VERSION = 1;
				GENERATE_INFOPLIST_FILE = YES;
				IPHONEOS_DEPLOYMENT_TARGET = 17.5;
				MARKETING_VERSION = 1.0;
				PRODUCT_BUNDLE_IDENTIFIER = com.bajajsonal.tut1Tests;
				PRODUCT_NAME = "$(TARGET_NAME)";
				SWIFT_EMIT_LOC_STRINGS = NO;
				SWIFT_VERSION = 5.0;
				TARGETED_DEVICE_FAMILY = "1,2";
				TEST_HOST = "$(BUILT_PRODUCTS_DIR)/tut1.app/$(BUNDLE_EXECUTABLE_FOLDER_PATH)/tut1";
			};
			name = Debug;
		};
		5792CDB82C138A6200D52845 /* Release */ = {
			isa = XCBuildConfiguration;
			buildSettings = {
				ALWAYS_EMBED_SWIFT_STANDARD_LIBRARIES = YES;
				BUNDLE_LOADER = "$(TEST_HOST)";
				CODE_SIGN_STYLE = Automatic;
				CURRENT_PROJECT_VERSION = 1;
				GENERATE_INFOPLIST_FILE = YES;
				IPHONEOS_DEPLOYMENT_TARGET = 17.5;
				MARKETING_VERSION = 1.0;
				PRODUCT_BUNDLE_IDENTIFIER = com.bajajsonal.tut1Tests;
				PRODUCT_NAME = "$(TARGET_NAME)";
				SWIFT_EMIT_LOC_STRINGS = NO;
				SWIFT_VERSION = 5.0;
				TARGETED_DEVICE_FAMILY = "1,2";
				TEST_HOST = "$(BUILT_PRODUCTS_DIR)/tut1.app/$(BUNDLE_EXECUTABLE_FOLDER_PATH)/tut1";
			};
			name = Release;
		};
		5792CDBA2C138A6200D52845 /* Debug */ = {
			isa = XCBuildConfiguration;
			buildSettings = {
				ALWAYS_EMBED_SWIFT_STANDARD_LIBRARIES = YES;
				CODE_SIGN_STYLE = Automatic;
				CURRENT_PROJECT_VERSION = 1;
				GENERATE_INFOPLIST_FILE = YES;
				MARKETING_VERSION = 1.0;
				PRODUCT_BUNDLE_IDENTIFIER = com.bajajsonal.tut1UITests;
				PRODUCT_NAME = "$(TARGET_NAME)";
				SWIFT_EMIT_LOC_STRINGS = NO;
				SWIFT_VERSION = 5.0;
				TARGETED_DEVICE_FAMILY = "1,2";
				TEST_TARGET_NAME = tut1;
			};
			name = Debug;
		};
		5792CDBB2C138A6200D52845 /* Release */ = {
			isa = XCBuildConfiguration;
			buildSettings = {
				ALWAYS_EMBED_SWIFT_STANDARD_LIBRARIES = YES;
				CODE_SIGN_STYLE = Automatic;
				CURRENT_PROJECT_VERSION = 1;
				GENERATE_INFOPLIST_FILE = YES;
				MARKETING_VERSION = 1.0;
				PRODUCT_BUNDLE_IDENTIFIER = com.bajajsonal.tut1UITests;
				PRODUCT_NAME = "$(TARGET_NAME)";
				SWIFT_EMIT_LOC_STRINGS = NO;
				SWIFT_VERSION = 5.0;
				TARGETED_DEVICE_FAMILY = "1,2";
				TEST_TARGET_NAME = tut1;
			};
			name = Release;
		};
/* End XCBuildConfiguration section */

/* Begin XCConfigurationList section */
		5792CD8A2C138A6000D52845 /* Build configuration list for PBXProject "tut1" */ = {
			isa = XCConfigurationList;
			buildConfigurations = (
				5792CDB12C138A6200D52845 /* Debug */,
				5792CDB22C138A6200D52845 /* Release */,
			);
			defaultConfigurationIsVisible = 0;
			defaultConfigurationName = Release;
		};
		5792CDB32C138A6200D52845 /* Build configuration list for PBXNativeTarget "tut1" */ = {
			isa = XCConfigurationList;
			buildConfigurations = (
				5792CDB42C138A6200D52845 /* Debug */,
				5792CDB52C138A6200D52845 /* Release */,
			);
			defaultConfigurationIsVisible = 0;
			defaultConfigurationName = Release;
		};
		5792CDB62C138A6200D52845 /* Build configuration list for PBXNativeTarget "tut1Tests" */ = {
			isa = XCConfigurationList;
			buildConfigurations = (
				5792CDB72C138A6200D52845 /* Debug */,
				5792CDB82C138A6200D52845 /* Release */,
			);
			defaultConfigurationIsVisible = 0;
			defaultConfigurationName = Release;
		};
		5792CDB92C138A6200D52845 /* Build configuration list for PBXNativeTarget "tut1UITests" */ = {
			isa = XCConfigurationList;
			buildConfigurations = (
				5792CDBA2C138A6200D52845 /* Debug */,
				5792CDBB2C138A6200D52845 /* Release */,
			);
			defaultConfigurationIsVisible = 0;
			defaultConfigurationName = Release;
		};
/* End XCConfigurationList section */
	};
	rootObject = 5792CD872C138A6000D52845 /* Project object */;
}
